// !$*UTF8*$!
{
	archiveVersion = 1;
	classes = {
	};
	objectVersion = 46;
	objects = {

/* Begin PBXBuildFile section */
		88A845981C91D9A5003640A3 /* AppDelegate.swift in Sources */ = {isa = PBXBuildFile; fileRef = 88A845971C91D9A5003640A3 /* AppDelegate.swift */; };
		88A8459A1C91D9A5003640A3 /* ViewController.swift in Sources */ = {isa = PBXBuildFile; fileRef = 88A845991C91D9A5003640A3 /* ViewController.swift */; };
		88A8459D1C91D9A5003640A3 /* Main.storyboard in Resources */ = {isa = PBXBuildFile; fileRef = 88A8459B1C91D9A5003640A3 /* Main.storyboard */; };
		88A8459F1C91D9A5003640A3 /* Assets.xcassets in Resources */ = {isa = PBXBuildFile; fileRef = 88A8459E1C91D9A5003640A3 /* Assets.xcassets */; };
		88A845A21C91D9A5003640A3 /* LaunchScreen.storyboard in Resources */ = {isa = PBXBuildFile; fileRef = 88A845A01C91D9A5003640A3 /* LaunchScreen.storyboard */; };
		88A845AD1C91D9A5003640A3 /* foodTrackerTests.swift in Sources */ = {isa = PBXBuildFile; fileRef = 88A845AC1C91D9A5003640A3 /* foodTrackerTests.swift */; };
/* End PBXBuildFile section */

/* Begin PBXContainerItemProxy section */
		88A845A91C91D9A5003640A3 /* PBXContainerItemProxy */ = {
			isa = PBXContainerItemProxy;
			containerPortal = 88A8458C1C91D9A5003640A3 /* Project object */;
			proxyType = 1;
			remoteGlobalIDString = 88A845931C91D9A5003640A3;
			remoteInfo = foodTracker;
		};
/* End PBXContainerItemProxy section */

/* Begin PBXFileReference section */
		88A845941C91D9A5003640A3 /* foodTracker.app */ = {isa = PBXFileReference; explicitFileType = wrapper.application; includeInIndex = 0; path = foodTracker.app; sourceTree = BUILT_PRODUCTS_DIR; };
		88A845971C91D9A5003640A3 /* AppDelegate.swift */ = {isa = PBXFileReference; lastKnownFileType = sourcecode.swift; path = AppDelegate.swift; sourceTree = "<group>"; };
		88A845991C91D9A5003640A3 /* ViewController.swift */ = {isa = PBXFileReference; lastKnownFileType = sourcecode.swift; path = ViewController.swift; sourceTree = "<group>"; };
		88A8459C1C91D9A5003640A3 /* Base */ = {isa = PBXFileReference; lastKnownFileType = file.storyboard; name = Base; path = Base.lproj/Main.storyboard; sourceTree = "<group>"; };
		88A8459E1C91D9A5003640A3 /* Assets.xcassets */ = {isa = PBXFileReference; lastKnownFileType = folder.assetcatalog; path = Assets.xcassets; sourceTree = "<group>"; };
		88A845A11C91D9A5003640A3 /* Base */ = {isa = PBXFileReference; lastKnownFileType = file.storyboard; name = Base; path = Base.lproj/LaunchScreen.storyboard; sourceTree = "<group>"; };
		88A845A31C91D9A5003640A3 /* Info.plist */ = {isa = PBXFileReference; lastKnownFileType = text.plist.xml; path = Info.plist; sourceTree = "<group>"; };
		88A845A81C91D9A5003640A3 /* foodTrackerTests.xctest */ = {isa = PBXFileReference; explicitFileType = wrapper.cfbundle; includeInIndex = 0; path = foodTrackerTests.xctest; sourceTree = BUILT_PRODUCTS_DIR; };
		88A845AC1C91D9A5003640A3 /* foodTrackerTests.swift */ = {isa = PBXFileReference; lastKnownFileType = sourcecode.swift; path = foodTrackerTests.swift; sourceTree = "<group>"; };
		88A845AE1C91D9A5003640A3 /* Info.plist */ = {isa = PBXFileReference; lastKnownFileType = text.plist.xml; path = Info.plist; sourceTree = "<group>"; };
/* End PBXFileReference section */

/* Begin PBXFrameworksBuildPhase section */
		88A845911C91D9A5003640A3 /* Frameworks */ = {
			isa = PBXFrameworksBuildPhase;
			buildActionMask = 2147483647;
			files = (
			);
			runOnlyForDeploymentPostprocessing = 0;
		};
		88A845A51C91D9A5003640A3 /* Frameworks */ = {
			isa = PBXFrameworksBuildPhase;
			buildActionMask = 2147483647;
			files = (
			);
			runOnlyForDeploymentPostprocessing = 0;
		};
/* End PBXFrameworksBuildPhase section */

/* Begin PBXGroup section */
		88A8458B1C91D9A5003640A3 = {
			isa = PBXGroup;
			children = (
				88A845961C91D9A5003640A3 /* foodTracker */,
				88A845AB1C91D9A5003640A3 /* foodTrackerTests */,
				88A845951C91D9A5003640A3 /* Products */,
			);
			sourceTree = "<group>";
		};
		88A845951C91D9A5003640A3 /* Products */ = {
			isa = PBXGroup;
			children = (
				88A845941C91D9A5003640A3 /* foodTracker.app */,
				88A845A81C91D9A5003640A3 /* foodTrackerTests.xctest */,
			);
			name = Products;
			sourceTree = "<group>";
		};
		88A845961C91D9A5003640A3 /* foodTracker */ = {
			isa = PBXGroup;
			children = (
				88A845971C91D9A5003640A3 /* AppDelegate.swift */,
				88A845991C91D9A5003640A3 /* ViewController.swift */,
				88A8459B1C91D9A5003640A3 /* Main.storyboard */,
				88A8459E1C91D9A5003640A3 /* Assets.xcassets */,
				88A845A01C91D9A5003640A3 /* LaunchScreen.storyboard */,
				88A845A31C91D9A5003640A3 /* Info.plist */,
			);
			path = foodTracker;
			sourceTree = "<group>";
		};
		88A845AB1C91D9A5003640A3 /* foodTrackerTests */ = {
			isa = PBXGroup;
			children = (
				88A845AC1C91D9A5003640A3 /* foodTrackerTests.swift */,
				88A845AE1C91D9A5003640A3 /* Info.plist */,
			);
			path = foodTrackerTests;
			sourceTree = "<group>";
		};
/* End PBXGroup section */

/* Begin PBXNativeTarget section */
		88A845931C91D9A5003640A3 /* foodTracker */ = {
			isa = PBXNativeTarget;
			buildConfigurationList = 88A845B11C91D9A5003640A3 /* Build configuration list for PBXNativeTarget "foodTracker" */;
			buildPhases = (
				88A845901C91D9A5003640A3 /* Sources */,
				88A845911C91D9A5003640A3 /* Frameworks */,
				88A845921C91D9A5003640A3 /* Resources */,
			);
			buildRules = (
			);
			dependencies = (
			);
			name = foodTracker;
			productName = foodTracker;
			productReference = 88A845941C91D9A5003640A3 /* foodTracker.app */;
			productType = "com.apple.product-type.application";
		};
		88A845A71C91D9A5003640A3 /* foodTrackerTests */ = {
			isa = PBXNativeTarget;
			buildConfigurationList = 88A845B41C91D9A5003640A3 /* Build configuration list for PBXNativeTarget "foodTrackerTests" */;
			buildPhases = (
				88A845A41C91D9A5003640A3 /* Sources */,
				88A845A51C91D9A5003640A3 /* Frameworks */,
				88A845A61C91D9A5003640A3 /* Resources */,
			);
			buildRules = (
			);
			dependencies = (
				88A845AA1C91D9A5003640A3 /* PBXTargetDependency */,
			);
			name = foodTrackerTests;
			productName = foodTrackerTests;
			productReference = 88A845A81C91D9A5003640A3 /* foodTrackerTests.xctest */;
			productType = "com.apple.product-type.bundle.unit-test";
		};
/* End PBXNativeTarget section */

/* Begin PBXProject section */
		88A8458C1C91D9A5003640A3 /* Project object */ = {
			isa = PBXProject;
			attributes = {
				LastSwiftUpdateCheck = 0720;
				LastUpgradeCheck = 0720;
				TargetAttributes = {
					88A845931C91D9A5003640A3 = {
						CreatedOnToolsVersion = 7.2.1;
					};
					88A845A71C91D9A5003640A3 = {
						CreatedOnToolsVersion = 7.2.1;
						TestTargetID = 88A845931C91D9A5003640A3;
					};
				};
			};
			buildConfigurationList = 88A8458F1C91D9A5003640A3 /* Build configuration list for PBXProject "foodTracker" */;
			compatibilityVersion = "Xcode 3.2";
			developmentRegion = English;
			hasScannedForEncodings = 0;
			knownRegions = (
				en,
				Base,
			);
			mainGroup = 88A8458B1C91D9A5003640A3;
			productRefGroup = 88A845951C91D9A5003640A3 /* Products */;
			projectDirPath = "";
			projectRoot = "";
			targets = (
				88A845931C91D9A5003640A3 /* foodTracker */,
				88A845A71C91D9A5003640A3 /* foodTrackerTests */,
			);
		};
/* End PBXProject section */

/* Begin PBXResourcesBuildPhase section */
		88A845921C91D9A5003640A3 /* Resources */ = {
			isa = PBXResourcesBuildPhase;
			buildActionMask = 2147483647;
			files = (
				88A845A21C91D9A5003640A3 /* LaunchScreen.storyboard in Resources */,
				88A8459F1C91D9A5003640A3 /* Assets.xcassets in Resources */,
				88A8459D1C91D9A5003640A3 /* Main.storyboard in Resources */,
			);
			runOnlyForDeploymentPostprocessing = 0;
		};
		88A845A61C91D9A5003640A3 /* Resources */ = {
			isa = PBXResourcesBuildPhase;
			buildActionMask = 2147483647;
			files = (
			);
			runOnlyForDeploymentPostprocessing = 0;
		};
/* End PBXResourcesBuildPhase section */

/* Begin PBXSourcesBuildPhase section */
		88A845901C91D9A5003640A3 /* Sources */ = {
			isa = PBXSourcesBuildPhase;
			buildActionMask = 2147483647;
			files = (
				88A8459A1C91D9A5003640A3 /* ViewController.swift in Sources */,
				88A845981C91D9A5003640A3 /* AppDelegate.swift in Sources */,
			);
			runOnlyForDeploymentPostprocessing = 0;
		};
		88A845A41C91D9A5003640A3 /* Sources */ = {
			isa = PBXSourcesBuildPhase;
			buildActionMask = 2147483647;
			files = (
				88A845AD1C91D9A5003640A3 /* foodTrackerTests.swift in Sources */,
			);
			runOnlyForDeploymentPostprocessing = 0;
		};
/* End PBXSourcesBuildPhase section */

/* Begin PBXTargetDependency section */
		88A845AA1C91D9A5003640A3 /* PBXTargetDependency */ = {
			isa = PBXTargetDependency;
			target = 88A845931C91D9A5003640A3 /* foodTracker */;
			targetProxy = 88A845A91C91D9A5003640A3 /* PBXContainerItemProxy */;
		};
/* End PBXTargetDependency section */

/* Begin PBXVariantGroup section */
		88A8459B1C91D9A5003640A3 /* Main.storyboard */ = {
			isa = PBXVariantGroup;
			children = (
				88A8459C1C91D9A5003640A3 /* Base */,
			);
			name = Main.storyboard;
			sourceTree = "<group>";
		};
		88A845A01C91D9A5003640A3 /* LaunchScreen.storyboard */ = {
			isa = PBXVariantGroup;
			children = (
				88A845A11C91D9A5003640A3 /* Base */,
			);
			name = LaunchScreen.storyboard;
			sourceTree = "<group>";
		};
/* End PBXVariantGroup section */

/* Begin XCBuildConfiguration section */
		88A845AF1C91D9A5003640A3 /* Debug */ = {
			isa = XCBuildConfiguration;
			buildSettings = {
				ALWAYS_SEARCH_USER_PATHS = NO;
				CLANG_CXX_LANGUAGE_STANDARD = "gnu++0x";
				CLANG_CXX_LIBRARY = "libc++";
				CLANG_ENABLE_MODULES = YES;
				CLANG_ENABLE_OBJC_ARC = YES;
				CLANG_WARN_BOOL_CONVERSION = YES;
				CLANG_WARN_CONSTANT_CONVERSION = YES;
				CLANG_WARN_DIRECT_OBJC_ISA_USAGE = YES_ERROR;
				CLANG_WARN_EMPTY_BODY = YES;
				CLANG_WARN_ENUM_CONVERSION = YES;
				CLANG_WARN_INT_CONVERSION = YES;
				CLANG_WARN_OBJC_ROOT_CLASS = YES_ERROR;
				CLANG_WARN_UNREACHABLE_CODE = YES;
				CLANG_WARN__DUPLICATE_METHOD_MATCH = YES;
				"CODE_SIGN_IDENTITY[sdk=iphoneos*]" = "iPhone Developer";
				COPY_PHASE_STRIP = NO;
				DEBUG_INFORMATION_FORMAT = dwarf;
				ENABLE_STRICT_OBJC_MSGSEND = YES;
				ENABLE_TESTABILITY = YES;
				GCC_C_LANGUAGE_STANDARD = gnu99;
				GCC_DYNAMIC_NO_PIC = NO;
				GCC_NO_COMMON_BLOCKS = YES;
				GCC_OPTIMIZATION_LEVEL = 0;
				GCC_PREPROCESSOR_DEFINITIONS = (
					"DEBUG=1",
					"$(inherited)",
				);
				GCC_WARN_64_TO_32_BIT_CONVERSION = YES;
				GCC_WARN_ABOUT_RETURN_TYPE = YES_ERROR;
				GCC_WARN_UNDECLARED_SELECTOR = YES;
				GCC_WARN_UNINITIALIZED_AUTOS = YES_AGGRESSIVE;
				GCC_WARN_UNUSED_FUNCTION = YES;
				GCC_WARN_UNUSED_VARIABLE = YES;
				IPHONEOS_DEPLOYMENT_TARGET = 9.2;
				MTL_ENABLE_DEBUG_INFO = YES;
				ONLY_ACTIVE_ARCH = YES;
				SDKROOT = iphoneos;
				SWIFT_OPTIMIZATION_LEVEL = "-Onone";
				TARGETED_DEVICE_FAMILY = "1,2";
			};
			name = Debug;
		};
		88A845B01C91D9A5003640A3 /* Release */ = {
			isa = XCBuildConfiguration;
			buildSettings = {
				ALWAYS_SEARCH_USER_PATHS = NO;
				CLANG_CXX_LANGUAGE_STANDARD = "gnu++0x";
				CLANG_CXX_LIBRARY = "libc++";
				CLANG_ENABLE_MODULES = YES;
				CLANG_ENABLE_OBJC_ARC = YES;
				CLANG_WARN_BOOL_CONVERSION = YES;
				CLANG_WARN_CONSTANT_CONVERSION = YES;
				CLANG_WARN_DIRECT_OBJC_ISA_USAGE = YES_ERROR;
				CLANG_WARN_EMPTY_BODY = YES;
				CLANG_WARN_ENUM_CONVERSION = YES;
				CLANG_WARN_INT_CONVERSION = YES;
				CLANG_WARN_OBJC_ROOT_CLASS = YES_ERROR;
				CLANG_WARN_UNREACHABLE_CODE = YES;
				CLANG_WARN__DUPLICATE_METHOD_MATCH = YES;
				"CODE_SIGN_IDENTITY[sdk=iphoneos*]" = "iPhone Developer";
				COPY_PHASE_STRIP = NO;
				DEBUG_INFORMATION_FORMAT = "dwarf-with-dsym";
				ENABLE_NS_ASSERTIONS = NO;
				ENABLE_STRICT_OBJC_MSGSEND = YES;
				GCC_C_LANGUAGE_STANDARD = gnu99;
				GCC_NO_COMMON_BLOCKS = YES;
				GCC_WARN_64_TO_32_BIT_CONVERSION = YES;
				GCC_WARN_ABOUT_RETURN_TYPE = YES_ERROR;
				GCC_WARN_UNDECLARED_SELECTOR = YES;
				GCC_WARN_UNINITIALIZED_AUTOS = YES_AGGRESSIVE;
				GCC_WARN_UNUSED_FUNCTION = YES;
				GCC_WARN_UNUSED_VARIABLE = YES;
				IPHONEOS_DEPLOYMENT_TARGET = 9.2;
				MTL_ENABLE_DEBUG_INFO = NO;
				SDKROOT = iphoneos;
				TARGETED_DEVICE_FAMILY = "1,2";
				VALIDATE_PRODUCT = YES;
			};
			name = Release;
		};
		88A845B21C91D9A5003640A3 /* Debug */ = {
			isa = XCBuildConfiguration;
			buildSettings = {
				ASSETCATALOG_COMPILER_APPICON_NAME = AppIcon;
				INFOPLIST_FILE = foodTracker/Info.plist;
				LD_RUNPATH_SEARCH_PATHS = "$(inherited) @executable_path/Frameworks";
				PRODUCT_BUNDLE_IDENTIFIER = com.example.foodTracker.foodTracker;
				PRODUCT_NAME = "$(TARGET_NAME)";
			};
			name = Debug;
		};
		88A845B31C91D9A5003640A3 /* Release */ = {
			isa = XCBuildConfiguration;
			buildSettings = {
				ASSETCATALOG_COMPILER_APPICON_NAME = AppIcon;
				INFOPLIST_FILE = foodTracker/Info.plist;
				LD_RUNPATH_SEARCH_PATHS = "$(inherited) @executable_path/Frameworks";
				PRODUCT_BUNDLE_IDENTIFIER = com.example.foodTracker.foodTracker;
				PRODUCT_NAME = "$(TARGET_NAME)";
			};
			name = Release;
		};
		88A845B51C91D9A5003640A3 /* Debug */ = {
			isa = XCBuildConfiguration;
			buildSettings = {
				BUNDLE_LOADER = "$(TEST_HOST)";
				INFOPLIST_FILE = foodTrackerTests/Info.plist;
				LD_RUNPATH_SEARCH_PATHS = "$(inherited) @executable_path/Frameworks @loader_path/Frameworks";
				PRODUCT_BUNDLE_IDENTIFIER = com.example.foodTracker.foodTrackerTests;
				PRODUCT_NAME = "$(TARGET_NAME)";
				TEST_HOST = "$(BUILT_PRODUCTS_DIR)/foodTracker.app/foodTracker";
			};
			name = Debug;
		};
		88A845B61C91D9A5003640A3 /* Release */ = {
			isa = XCBuildConfiguration;
			buildSettings = {
				BUNDLE_LOADER = "$(TEST_HOST)";
				INFOPLIST_FILE = foodTrackerTests/Info.plist;
				LD_RUNPATH_SEARCH_PATHS = "$(inherited) @executable_path/Frameworks @loader_path/Frameworks";
				PRODUCT_BUNDLE_IDENTIFIER = com.example.foodTracker.foodTrackerTests;
				PRODUCT_NAME = "$(TARGET_NAME)";
				TEST_HOST = "$(BUILT_PRODUCTS_DIR)/foodTracker.app/foodTracker";
			};
			name = Release;
		};
/* End XCBuildConfiguration section */

/* Begin XCConfigurationList section */
		88A8458F1C91D9A5003640A3 /* Build configuration list for PBXProject "foodTracker" */ = {
			isa = XCConfigurationList;
			buildConfigurations = (
				88A845AF1C91D9A5003640A3 /* Debug */,
				88A845B01C91D9A5003640A3 /* Release */,
			);
			defaultConfigurationIsVisible = 0;
			defaultConfigurationName = Release;
		};
		88A845B11C91D9A5003640A3 /* Build configuration list for PBXNativeTarget "foodTracker" */ = {
			isa = XCConfigurationList;
			buildConfigurations = (
				88A845B21C91D9A5003640A3 /* Debug */,
				88A845B31C91D9A5003640A3 /* Release */,
			);
			defaultConfigurationIsVisible = 0;
		};
		88A845B41C91D9A5003640A3 /* Build configuration list for PBXNativeTarget "foodTrackerTests" */ = {
			isa = XCConfigurationList;
			buildConfigurations = (
				88A845B51C91D9A5003640A3 /* Debug */,
				88A845B61C91D9A5003640A3 /* Release */,
			);
			defaultConfigurationIsVisible = 0;
		};
/* End XCConfigurationList section */
	};
	rootObject = 88A8458C1C91D9A5003640A3 /* Project object */;
}
